<?xml version="1.0" encoding="utf-8"?>
<Project ToolsVersion="4.0" xmlns="http://schemas.microsoft.com/developer/msbuild/2003">
  <ItemGroup>
    <Filter Include="Source Files">
      <UniqueIdentifier>{4FC737F1-C7A5-4376-A066-2A32D752A2FF}</UniqueIdentifier>
      <Extensions>cpp;c;cc;cxx;c++;cppm;ixx;def;odl;idl;hpj;bat;asm;asmx</Extensions>
    </Filter>
    <Filter Include="Header Files">
      <UniqueIdentifier>{93995380-89BD-4b04-88EB-625FBE52EBFB}</UniqueIdentifier>
      <Extensions>h;hh;hpp;hxx;h++;hm;inl;inc;ipp;xsd</Extensions>
    </Filter>
    <Filter Include="Resource Files">
      <UniqueIdentifier>{67DA6AB6-F800-4c08-8B7A-83BB121AAD01}</UniqueIdentifier>
      <Extensions>rc;ico;cur;bmp;dlg;rc2;rct;bin;rgs;gif;jpg;jpeg;jpe;resx;tiff;tif;png;wav;mfcribbon-ms</Extensions>
    </Filter>
  </ItemGroup>
  <ItemGroup>
    <ClCompile Include="Private\Archer.cpp">
      <Filter>Source Files</Filter>
    </ClCompile>
    <ClCompile Include="Private\Armor.cpp">
      <Filter>Source Files</Filter>
    </ClCompile>
    <ClCompile Include="Private\ArmorSet.cpp">
      <Filter>Source Files</Filter>
    </ClCompile>
    <ClCompile Include="Private\BodyArmor.cpp">
      <Filter>Source Files</Filter>
    </ClCompile>
    <ClCompile Include="Private\Boots.cpp">
      <Filter>Source Files</Filter>
    </ClCompile>
    <ClCompile Include="Private\Bow.cpp">
      <Filter>Source Files</Filter>
    </ClCompile>
    <ClCompile Include="Private\Character.cpp">
      <Filter>Source Files</Filter>
    </ClCompile>
    <ClCompile Include="Private\Fairy.cpp">
      <Filter>Source Files</Filter>
    </ClCompile>
    <ClCompile Include="Private\Gargoyle.cpp">
      <Filter>Source Files</Filter>
    </ClCompile>
    <ClCompile Include="Private\Golem.cpp">
      <Filter>Source Files</Filter>
    </ClCompile>
    <ClCompile Include="Private\Helmet.cpp">
      <Filter>Source Files</Filter>
    </ClCompile>
    <ClCompile Include="Private\Hound.cpp">
      <Filter>Source Files</Filter>
    </ClCompile>
    <ClCompile Include="Private\Inventory.cpp">
      <Filter>Source Files</Filter>
    </ClCompile>
    <ClCompile Include="Private\Monster.cpp">
      <Filter>Source Files</Filter>
    </ClCompile>
    <ClCompile Include="Private\Ring.cpp">
      <Filter>Source Files</Filter>
    </ClCompile>
    <ClCompile Include="Private\Skill.cpp">
      <Filter>Source Files</Filter>
    </ClCompile>
    <ClCompile Include="Private\SkillSet.cpp">
      <Filter>Source Files</Filter>
    </ClCompile>
    <ClCompile Include="Private\Staff.cpp">
      <Filter>Source Files</Filter>
    </ClCompile>
    <ClCompile Include="Private\Sword.cpp">
      <Filter>Source Files</Filter>
    </ClCompile>
    <ClCompile Include="Private\Warrior.cpp">
      <Filter>Source Files</Filter>
    </ClCompile>
    <ClCompile Include="Private\Weapon.cpp">
      <Filter>Source Files</Filter>
    </ClCompile>
    <ClCompile Include="Private\Wizard.cpp">
      <Filter>Source Files</Filter>
    </ClCompile>
    <ClCompile Include="src\MainSource.cpp">
      <Filter>Source Files</Filter>
    </ClCompile>
  </ItemGroup>
  <ItemGroup>
    <ClInclude Include="Public\Archer.h">
      <Filter>Header Files</Filter>
    </ClInclude>
    <ClInclude Include="Public\Armor.h">
      <Filter>Header Files</Filter>
    </ClInclude>
    <ClInclude Include="Public\ArmorSet.h">
      <Filter>Header Files</Filter>
    </ClInclude>
    <ClInclude Include="Public\BodyArmor.h">
      <Filter>Header Files</Filter>
    </ClInclude>
    <ClInclude Include="Public\Boots.h">
      <Filter>Header Files</Filter>
    </ClInclude>
    <ClInclude Include="Public\Bow.h">
      <Filter>Header Files</Filter>
    </ClInclude>
    <ClInclude Include="Public\Character.h">
      <Filter>Header Files</Filter>
    </ClInclude>
    <ClInclude Include="Public\Fairy.h">
      <Filter>Header Files</Filter>
    </ClInclude>
    <ClInclude Include="Public\Gargoyle.h">
      <Filter>Header Files</Filter>
    </ClInclude>
    <ClInclude Include="Public\Golem.h">
      <Filter>Header Files</Filter>
    </ClInclude>
    <ClInclude Include="Public\Helmet.h">
      <Filter>Header Files</Filter>
    </ClInclude>
    <ClInclude Include="Public\Hound.h">
      <Filter>Header Files</Filter>
    </ClInclude>
    <ClInclude Include="Public\Inventory.h">
      <Filter>Header Files</Filter>
    </ClInclude>
    <ClInclude Include="Public\Monster.h">
      <Filter>Header Files</Filter>
    </ClInclude>
    <ClInclude Include="Public\Ring.h">
      <Filter>Header Files</Filter>
    </ClInclude>
    <ClInclude Include="Public\Skill.h">
      <Filter>Header Files</Filter>
    </ClInclude>
    <ClInclude Include="Public\SkillSet.h">
      <Filter>Header Files</Filter>
    </ClInclude>
    <ClInclude Include="Public\Staff.h">
      <Filter>Header Files</Filter>
    </ClInclude>
    <ClInclude Include="Public\Sword.h">
      <Filter>Header Files</Filter>
    </ClInclude>
    <ClInclude Include="Public\Warrior.h">
      <Filter>Header Files</Filter>
    </ClInclude>
    <ClInclude Include="Public\Weapon.h">
      <Filter>Header Files</Filter>
    </ClInclude>
    <ClInclude Include="Public\Wizard.h">
      <Filter>Header Files</Filter>
    </ClInclude>
  </ItemGroup>
</Project>